
Microsoft Visual Studio Solution File, Format Version 12.00
# Visual Studio Version 17
VisualStudioVersion = 17.10.35027.167
MinimumVisualStudioVersion = 10.0.40219.1
Project("{FAE04EC0-301F-11D3-BF4B-00C04F79EFBC}") = "Eecomerce", "Eecomerce\Eecomerce.csproj", "{415B9C5E-CB33-460D-82C9-CA92D5B89BE1}"
EndProject
Global
	GlobalSection(SolutionConfigurationPlatforms) = preSolution
		Debug|Any CPU = Debug|Any CPU
		Release|Any CPU = Release|Any CPU
	EndGlobalSection
	GlobalSection(ProjectConfigurationPlatforms) = postSolution
		{415B9C5E-CB33-460D-82C9-CA92D5B89BE1}.Debug|Any CPU.ActiveCfg = Debug|Any CPU
		{415B9C5E-CB33-460D-82C9-CA92D5B89BE1}.Debug|Any CPU.Build.0 = Debug|Any CPU
		{415B9C5E-CB33-460D-82C9-CA92D5B89BE1}.Release|Any CPU.ActiveCfg = Release|Any CPU
		{415B9C5E-CB33-460D-82C9-CA92D5B89BE1}.Release|Any CPU.Build.0 = Release|Any CPU
	EndGlobalSection
	GlobalSection(SolutionProperties) = preSolution
		HideSolutionNode = FALSE
	EndGlobalSection
	GlobalSection(ExtensibilityGlobals) = postSolution
		SolutionGuid = {38F4C600-28BF-4A37-959F-E9AD20026A36}
	EndGlobalSection
EndGlobal
